
Microsoft Visual Studio Solution File, Format Version 12.00
# Visual Studio Version 17
VisualStudioVersion = 17.8.34525.116
MinimumVisualStudioVersion = 10.0.40219.1
Project("{8BC9CEB8-8B4A-11D0-8D11-00A0C91BC942}") = "hanoi", "hanoi\hanoi.vcxproj", "{9253C4F1-1CAC-41A8-9F21-3915119C2C7C}"
EndProject
Global
	GlobalSection(SolutionConfigurationPlatforms) = preSolution
		Debug|x64 = Debug|x64
		Debug|x86 = Debug|x86
		Release|x64 = Release|x64
		Release|x86 = Release|x86
	EndGlobalSection
	GlobalSection(ProjectConfigurationPlatforms) = postSolution
		{9253C4F1-1CAC-41A8-9F21-3915119C2C7C}.Debug|x64.ActiveCfg = Debug|x64
		{9253C4F1-1CAC-41A8-9F21-3915119C2C7C}.Debug|x64.Build.0 = Debug|x64
		{9253C4F1-1CAC-41A8-9F21-3915119C2C7C}.Debug|x86.ActiveCfg = Debug|Win32
		{9253C4F1-1CAC-41A8-9F21-3915119C2C7C}.Debug|x86.Build.0 = Debug|Win32
		{9253C4F1-1CAC-41A8-9F21-3915119C2C7C}.Release|x64.ActiveCfg = Release|x64
		{9253C4F1-1CAC-41A8-9F21-3915119C2C7C}.Release|x64.Build.0 = Release|x64
		{9253C4F1-1CAC-41A8-9F21-3915119C2C7C}.Release|x86.ActiveCfg = Release|Win32
		{9253C4F1-1CAC-41A8-9F21-3915119C2C7C}.Release|x86.Build.0 = Release|Win32
	EndGlobalSection
	GlobalSection(SolutionProperties) = preSolution
		HideSolutionNode = FALSE
	EndGlobalSection
	GlobalSection(ExtensibilityGlobals) = postSolution
		SolutionGuid = {DDABD312-82BA-483E-9599-97E4DD1EE0F0}
	EndGlobalSection
EndGlobal
